
Microsoft Visual Studio Solution File, Format Version 12.00
# Visual Studio Version 17
VisualStudioVersion = 17.10.35122.118
MinimumVisualStudioVersion = 10.0.40219.1
Project("{FAE04EC0-301F-11D3-BF4B-00C04F79EFBC}") = "RFDump", "RFDump\RFDump.csproj", "{724A572F-3787-417F-85D7-D8C05307A056}"
EndProject
Global
	GlobalSection(SolutionConfigurationPlatforms) = preSolution
		Debug|Any CPU = Debug|Any CPU
		Release|Any CPU = Release|Any CPU
	EndGlobalSection
	GlobalSection(ProjectConfigurationPlatforms) = postSolution
		{724A572F-3787-417F-85D7-D8C05307A056}.Debug|Any CPU.ActiveCfg = Debug|Any CPU
		{724A572F-3787-417F-85D7-D8C05307A056}.Debug|Any CPU.Build.0 = Debug|Any CPU
		{724A572F-3787-417F-85D7-D8C05307A056}.Release|Any CPU.ActiveCfg = Release|Any CPU
		{724A572F-3787-417F-85D7-D8C05307A056}.Release|Any CPU.Build.0 = Release|Any CPU
	EndGlobalSection
	GlobalSection(SolutionProperties) = preSolution
		HideSolutionNode = FALSE
	EndGlobalSection
	GlobalSection(ExtensibilityGlobals) = postSolution
		SolutionGuid = {7CC125EF-2CC6-4724-9851-9A926424BEBD}
	EndGlobalSection
EndGlobal
